
Microsoft Visual Studio Solution File, Format Version 11.00
# Visual Studio 2010
Project("{FAE04EC0-301F-11D3-BF4B-00C04F79EFBC}") = "摧毁迷宫", "Assembly-CSharp.csproj", "{51B1B209-B308-8B8E-BFB1-D78A8DAF1450}"
EndProject
Global
	GlobalSection(SolutionConfigurationPlatforms) = preSolution
		Debug|Any CPU = Debug|Any CPU
		Release|Any CPU = Release|Any CPU
	EndGlobalSection
	GlobalSection(ProjectConfigurationPlatforms) = postSolution
		{51B1B209-B308-8B8E-BFB1-D78A8DAF1450}.Debug|Any CPU.ActiveCfg = Debug|Any CPU
		{51B1B209-B308-8B8E-BFB1-D78A8DAF1450}.Debug|Any CPU.Build.0 = Debug|Any CPU
		{51B1B209-B308-8B8E-BFB1-D78A8DAF1450}.Release|Any CPU.ActiveCfg = Release|Any CPU
		{51B1B209-B308-8B8E-BFB1-D78A8DAF1450}.Release|Any CPU.Build.0 = Release|Any CPU
	EndGlobalSection
	GlobalSection(SolutionProperties) = preSolution
		HideSolutionNode = FALSE
	EndGlobalSection
	GlobalSection(MonoDevelopProperties) = preSolution
		StartupItem = Assembly-CSharp.csproj
	EndGlobalSection
EndGlobal
