
Microsoft Visual Studio Solution File, Format Version 12.00
# Visual Studio 2015
Project("{FAE04EC0-301F-11D3-BF4B-00C04F79EFBC}") = "摧毁方块1.0.Plugins", "摧毁方块1.0.Plugins.csproj", "{6EB76D79-E0C1-DD67-6E6E-DA0428FF758B}"
EndProject
Project("{FAE04EC0-301F-11D3-BF4B-00C04F79EFBC}") = "摧毁方块1.0", "摧毁方块1.0.csproj", "{37365E80-F706-9D45-06E2-80E3E5A43B6C}"
EndProject
Global
	GlobalSection(SolutionConfigurationPlatforms) = preSolution
		Debug|Any CPU = Debug|Any CPU
		Release|Any CPU = Release|Any CPU
	EndGlobalSection
	GlobalSection(ProjectConfigurationPlatforms) = postSolution
		{6EB76D79-E0C1-DD67-6E6E-DA0428FF758B}.Debug|Any CPU.ActiveCfg = Debug|Any CPU
		{6EB76D79-E0C1-DD67-6E6E-DA0428FF758B}.Debug|Any CPU.Build.0 = Debug|Any CPU
		{6EB76D79-E0C1-DD67-6E6E-DA0428FF758B}.Release|Any CPU.ActiveCfg = Release|Any CPU
		{6EB76D79-E0C1-DD67-6E6E-DA0428FF758B}.Release|Any CPU.Build.0 = Release|Any CPU
		{37365E80-F706-9D45-06E2-80E3E5A43B6C}.Debug|Any CPU.ActiveCfg = Debug|Any CPU
		{37365E80-F706-9D45-06E2-80E3E5A43B6C}.Debug|Any CPU.Build.0 = Debug|Any CPU
		{37365E80-F706-9D45-06E2-80E3E5A43B6C}.Release|Any CPU.ActiveCfg = Release|Any CPU
		{37365E80-F706-9D45-06E2-80E3E5A43B6C}.Release|Any CPU.Build.0 = Release|Any CPU
	EndGlobalSection
	GlobalSection(SolutionProperties) = preSolution
		HideSolutionNode = FALSE
	EndGlobalSection
EndGlobal
